
Microsoft Visual Studio Solution File, Format Version 11.00
# Visual Studio 2010
Project("{FAE04EC0-301F-11D3-BF4B-00C04F79EFBC}") = "Assembly-CSharp", "Assembly-CSharp.csproj", "{7EA56D5B-B9B6-C2B3-F776-EA2CE39BD305}"
EndProject
Project("{FAE04EC0-301F-11D3-BF4B-00C04F79EFBC}") = "Assembly-CSharp-Editor", "Assembly-CSharp-Editor.csproj", "{84C5056D-F0EC-73B7-9293-99E413299475}"
EndProject
Global
	GlobalSection(SolutionConfigurationPlatforms) = preSolution
		Debug|Any CPU = Debug|Any CPU
		Release|Any CPU = Release|Any CPU
	EndGlobalSection
	GlobalSection(ProjectConfigurationPlatforms) = postSolution
		{7EA56D5B-B9B6-C2B3-F776-EA2CE39BD305}.Debug|Any CPU.ActiveCfg = Debug|Any CPU
		{7EA56D5B-B9B6-C2B3-F776-EA2CE39BD305}.Debug|Any CPU.Build.0 = Debug|Any CPU
		{7EA56D5B-B9B6-C2B3-F776-EA2CE39BD305}.Release|Any CPU.ActiveCfg = Release|Any CPU
		{7EA56D5B-B9B6-C2B3-F776-EA2CE39BD305}.Release|Any CPU.Build.0 = Release|Any CPU
		{84C5056D-F0EC-73B7-9293-99E413299475}.Debug|Any CPU.ActiveCfg = Debug|Any CPU
		{84C5056D-F0EC-73B7-9293-99E413299475}.Debug|Any CPU.Build.0 = Debug|Any CPU
		{84C5056D-F0EC-73B7-9293-99E413299475}.Release|Any CPU.ActiveCfg = Release|Any CPU
		{84C5056D-F0EC-73B7-9293-99E413299475}.Release|Any CPU.Build.0 = Release|Any CPU
	EndGlobalSection
	GlobalSection(SolutionProperties) = preSolution
		HideSolutionNode = FALSE
	EndGlobalSection
	GlobalSection(MonoDevelopProperties) = preSolution
		StartupItem = Assembly-CSharp.csproj
	EndGlobalSection
EndGlobal
